
Microsoft Visual Studio Solution File, Format Version 12.00
# Visual Studio Version 17
VisualStudioVersion = 17.8.34525.116
MinimumVisualStudioVersion = 10.0.40219.1
Project("{9A19103F-16F7-4668-BE54-9A1E7A4F7556}") = "Network1.UI.Tarpit.WinApp", "Network1.UI.Tarpit.WinApp\Network1.UI.Tarpit.WinApp.csproj", "{3B052DC0-448E-4263-8175-57EF11E71081}"
EndProject
Project("{9A19103F-16F7-4668-BE54-9A1E7A4F7556}") = "Network1.UI.Tarpit.Core", "Network1.UI.Tarpit.Core\Network1.UI.Tarpit.Core.csproj", "{4B7BE429-1861-460B-9F0B-14DF2167AE48}"
EndProject
Project("{FAE04EC0-301F-11D3-BF4B-00C04F79EFBC}") = "Network1.UI.Tarpit.CoreTests", "Network1.UI.Tarpit.CoreTests\Network1.UI.Tarpit.CoreTests.csproj", "{B192C8B2-9EAD-4022-B556-77B78D57E340}"
EndProject
Global
	GlobalSection(SolutionConfigurationPlatforms) = preSolution
		Debug|Any CPU = Debug|Any CPU
		Release|Any CPU = Release|Any CPU
	EndGlobalSection
	GlobalSection(ProjectConfigurationPlatforms) = postSolution
		{3B052DC0-448E-4263-8175-57EF11E71081}.Debug|Any CPU.ActiveCfg = Debug|Any CPU
		{3B052DC0-448E-4263-8175-57EF11E71081}.Debug|Any CPU.Build.0 = Debug|Any CPU
		{3B052DC0-448E-4263-8175-57EF11E71081}.Release|Any CPU.ActiveCfg = Release|Any CPU
		{3B052DC0-448E-4263-8175-57EF11E71081}.Release|Any CPU.Build.0 = Release|Any CPU
		{4B7BE429-1861-460B-9F0B-14DF2167AE48}.Debug|Any CPU.ActiveCfg = Debug|Any CPU
		{4B7BE429-1861-460B-9F0B-14DF2167AE48}.Debug|Any CPU.Build.0 = Debug|Any CPU
		{4B7BE429-1861-460B-9F0B-14DF2167AE48}.Release|Any CPU.ActiveCfg = Release|Any CPU
		{4B7BE429-1861-460B-9F0B-14DF2167AE48}.Release|Any CPU.Build.0 = Release|Any CPU
		{B192C8B2-9EAD-4022-B556-77B78D57E340}.Debug|Any CPU.ActiveCfg = Debug|Any CPU
		{B192C8B2-9EAD-4022-B556-77B78D57E340}.Debug|Any CPU.Build.0 = Debug|Any CPU
		{B192C8B2-9EAD-4022-B556-77B78D57E340}.Release|Any CPU.ActiveCfg = Release|Any CPU
		{B192C8B2-9EAD-4022-B556-77B78D57E340}.Release|Any CPU.Build.0 = Release|Any CPU
	EndGlobalSection
	GlobalSection(SolutionProperties) = preSolution
		HideSolutionNode = FALSE
	EndGlobalSection
	GlobalSection(ExtensibilityGlobals) = postSolution
		SolutionGuid = {25CE5D03-465E-4CC1-AA5E-168B4DA79C49}
	EndGlobalSection
EndGlobal
